// !$*UTF8*$!
{
	archiveVersion = 1;
	classes = {
	};
	objectVersion = 56;
	objects = {

/* Begin PBXBuildFile section */
		A10000000000000000000001 /* RNGoogleMobileAdsHarnessSmokeTests.m in Sources */ = {isa = PBXBuildFile; fileRef = A10000000000000000000002 /* RNGoogleMobileAdsHarnessSmokeTests.m */; };
		A10000000000000000000004 /* XCTest.framework in Frameworks */ = {isa = PBXBuildFile; fileRef = A10000000000000000000005 /* XCTest.framework */; };
		A10000000000000000000006 /* RNGoogleMobileAdsOwnedMappersTests.m in Sources */ = {isa = PBXBuildFile; fileRef = A10000000000000000000007 /* RNGoogleMobileAdsOwnedMappersTests.m */; };
		A10000000000000000000008 /* RNGoogleMobileAdsOwnedMappers.m in Sources */ = {isa = PBXBuildFile; fileRef = A10000000000000000000009 /* RNGoogleMobileAdsOwnedMappers.m */; };
/* End PBXBuildFile section */

/* Begin PBXFileReference section */
		A10000000000000000000002 /* RNGoogleMobileAdsHarnessSmokeTests.m */ = {isa = PBXFileReference; lastKnownFileType = sourcecode.c.objc; path = RNGoogleMobileAdsHarnessSmokeTests.m; sourceTree = "<group>"; };
		A10000000000000000000003 /* RNGoogleMobileAdsUnitTests.xctest */ = {isa = PBXFileReference; explicitFileType = wrapper.cfbundle; includeInIndex = 0; path = RNGoogleMobileAdsUnitTests.xctest; sourceTree = BUILT_PRODUCTS_DIR; };
		A10000000000000000000005 /* XCTest.framework */ = {isa = PBXFileReference; lastKnownFileType = wrapper.framework; name = XCTest.framework; path = Platforms/iPhoneSimulator.platform/Developer/Library/Frameworks/XCTest.framework; sourceTree = DEVELOPER_DIR; };
		A10000000000000000000007 /* RNGoogleMobileAdsOwnedMappersTests.m */ = {isa = PBXFileReference; lastKnownFileType = sourcecode.c.objc; path = RNGoogleMobileAdsOwnedMappersTests.m; sourceTree = "<group>"; };
		A10000000000000000000009 /* RNGoogleMobileAdsOwnedMappers.m */ = {isa = PBXFileReference; lastKnownFileType = sourcecode.c.objc; path = RNGoogleMobileAdsOwnedMappers.m; sourceTree = "<group>"; };
		A1000000000000000000000A /* RNGoogleMobileAdsOwnedMappers.h */ = {isa = PBXFileReference; lastKnownFileType = sourcecode.c.h; path = RNGoogleMobileAdsOwnedMappers.h; sourceTree = "<group>"; };
/* End PBXFileReference section */

/* Begin PBXFrameworksBuildPhase section */
		A10000000000000000000010 /* Frameworks */ = {
			isa = PBXFrameworksBuildPhase;
			buildActionMask = 2147483647;
			files = (
				A10000000000000000000004 /* XCTest.framework in Frameworks */,
			);
			runOnlyForDeploymentPostprocessing = 0;
		};
/* End PBXFrameworksBuildPhase section */

/* Begin PBXGroup section */
		A10000000000000000000020 = {
			isa = PBXGroup;
			children = (
				A10000000000000000000021 /* Tests */,
				A10000000000000000000023 /* RNGoogleMobileAds */,
				A10000000000000000000022 /* Products */,
			);
			sourceTree = "<group>";
		};
		A10000000000000000000021 /* Tests */ = {
			isa = PBXGroup;
			children = (
				A10000000000000000000002 /* RNGoogleMobileAdsHarnessSmokeTests.m */,
				A10000000000000000000007 /* RNGoogleMobileAdsOwnedMappersTests.m */,
			);
			name = Tests;
			path = Tests;
			sourceTree = "<group>";
		};
		A10000000000000000000022 /* Products */ = {
			isa = PBXGroup;
			children = (
				A10000000000000000000003 /* RNGoogleMobileAdsUnitTests.xctest */,
			);
			name = Products;
			sourceTree = "<group>";
		};
		A10000000000000000000023 /* RNGoogleMobileAds */ = {
			isa = PBXGroup;
			children = (
				A1000000000000000000000A /* RNGoogleMobileAdsOwnedMappers.h */,
				A10000000000000000000009 /* RNGoogleMobileAdsOwnedMappers.m */,
			);
			name = RNGoogleMobileAds;
			path = RNGoogleMobileAds;
			sourceTree = "<group>";
		};
/* End PBXGroup section */

/* Begin PBXNativeTarget section */
		A10000000000000000000030 /* RNGoogleMobileAdsUnitTests */ = {
			isa = PBXNativeTarget;
			buildConfigurationList = A10000000000000000000050 /* Build configuration list for PBXNativeTarget "RNGoogleMobileAdsUnitTests" */;
			buildPhases = (
				A10000000000000000000040 /* Sources */,
				A10000000000000000000010 /* Frameworks */,
			);
			buildRules = (
			);
			dependencies = (
			);
			name = RNGoogleMobileAdsUnitTests;
			productName = RNGoogleMobileAdsUnitTests;
			productReference = A10000000000000000000003 /* RNGoogleMobileAdsUnitTests.xctest */;
			productType = "com.apple.product-type.bundle.unit-test";
		};
/* End PBXNativeTarget section */

/* Begin PBXProject section */
		A10000000000000000000000 /* Project object */ = {
			isa = PBXProject;
			attributes = {
				BuildIndependentTargetsInParallel = 1;
				LastUpgradeCheck = 1500;
				TargetAttributes = {
					A10000000000000000000030 = {
						CreatedOnToolsVersion = 15.0;
					};
				};
			};
			buildConfigurationList = A10000000000000000000060 /* Build configuration list for PBXProject "RNGoogleMobileAdsUnitTests" */;
			compatibilityVersion = "Xcode 14.0";
			developmentRegion = en;
			hasScannedForEncodings = 0;
			knownRegions = (
				en,
				Base,
			);
			mainGroup = A10000000000000000000020;
			productRefGroup = A10000000000000000000022 /* Products */;
			projectDirPath = "";
			projectRoot = "";
			targets = (
				A10000000000000000000030 /* RNGoogleMobileAdsUnitTests */,
			);
		};
/* End PBXProject section */

/* Begin PBXSourcesBuildPhase section */
		A10000000000000000000040 /* Sources */ = {
			isa = PBXSourcesBuildPhase;
			buildActionMask = 2147483647;
			files = (
				A10000000000000000000001 /* RNGoogleMobileAdsHarnessSmokeTests.m in Sources */,
				A10000000000000000000006 /* RNGoogleMobileAdsOwnedMappersTests.m in Sources */,
				A10000000000000000000008 /* RNGoogleMobileAdsOwnedMappers.m in Sources */,
			);
			runOnlyForDeploymentPostprocessing = 0;
		};
/* End PBXSourcesBuildPhase section */

/* Begin XCBuildConfiguration section */
		A10000000000000000000070 /* Debug */ = {
			isa = XCBuildConfiguration;
			buildSettings = {
				ALWAYS_SEARCH_USER_PATHS = NO;
				CLANG_ENABLE_MODULES = YES;
				CLANG_ENABLE_OBJC_ARC = YES;
				COPY_PHASE_STRIP = NO;
				DEBUG_INFORMATION_FORMAT = dwarf;
				ENABLE_TESTABILITY = YES;
				GCC_DYNAMIC_NO_PIC = NO;
				GCC_OPTIMIZATION_LEVEL = 0;
				HEADER_SEARCH_PATHS = (
					"$(inherited)",
					"$(SRCROOT)",
				);
				IPHONEOS_DEPLOYMENT_TARGET = 12.0;
				ONLY_ACTIVE_ARCH = YES;
				SDKROOT = iphoneos;
			};
			name = Debug;
		};
		A10000000000000000000071 /* Release */ = {
			isa = XCBuildConfiguration;
			buildSettings = {
				ALWAYS_SEARCH_USER_PATHS = NO;
				CLANG_ENABLE_MODULES = YES;
				CLANG_ENABLE_OBJC_ARC = YES;
				COPY_PHASE_STRIP = NO;
				DEBUG_INFORMATION_FORMAT = "dwarf-with-dsym";
				HEADER_SEARCH_PATHS = (
					"$(inherited)",
					"$(SRCROOT)",
				);
				IPHONEOS_DEPLOYMENT_TARGET = 12.0;
				SDKROOT = iphoneos;
				VALIDATE_PRODUCT = YES;
			};
			name = Release;
		};
		A10000000000000000000080 /* Debug */ = {
			isa = XCBuildConfiguration;
			buildSettings = {
				CODE_SIGNING_ALLOWED = NO;
				GENERATE_INFOPLIST_FILE = YES;
				HEADER_SEARCH_PATHS = (
					"$(inherited)",
					"$(SRCROOT)",
				);
				IPHONEOS_DEPLOYMENT_TARGET = 12.0;
				LD_RUNPATH_SEARCH_PATHS = (
					"$(inherited)",
					"@executable_path/Frameworks",
					"@loader_path/Frameworks",
				);
				PRODUCT_BUNDLE_IDENTIFIER = io.invertase.RNGoogleMobileAdsUnitTests;
				PRODUCT_NAME = "$(TARGET_NAME)";
				SUPPORTED_PLATFORMS = "iphoneos iphonesimulator";
				SUPPORTS_MACCATALYST = NO;
				TARGETED_DEVICE_FAMILY = "1,2";
			};
			name = Debug;
		};
		A10000000000000000000081 /* Release */ = {
			isa = XCBuildConfiguration;
			buildSettings = {
				CODE_SIGNING_ALLOWED = NO;
				GENERATE_INFOPLIST_FILE = YES;
				HEADER_SEARCH_PATHS = (
					"$(inherited)",
					"$(SRCROOT)",
				);
				IPHONEOS_DEPLOYMENT_TARGET = 12.0;
				LD_RUNPATH_SEARCH_PATHS = (
					"$(inherited)",
					"@executable_path/Frameworks",
					"@loader_path/Frameworks",
				);
				PRODUCT_BUNDLE_IDENTIFIER = io.invertase.RNGoogleMobileAdsUnitTests;
				PRODUCT_NAME = "$(TARGET_NAME)";
				SUPPORTED_PLATFORMS = "iphoneos iphonesimulator";
				SUPPORTS_MACCATALYST = NO;
				TARGETED_DEVICE_FAMILY = "1,2";
			};
			name = Release;
		};
/* End XCBuildConfiguration section */

/* Begin XCConfigurationList section */
		A10000000000000000000050 /* Build configuration list for PBXNativeTarget "RNGoogleMobileAdsUnitTests" */ = {
			isa = XCConfigurationList;
			buildConfigurations = (
				A10000000000000000000080 /* Debug */,
				A10000000000000000000081 /* Release */,
			);
			defaultConfigurationIsVisible = 0;
			defaultConfigurationName = Release;
		};
		A10000000000000000000060 /* Build configuration list for PBXProject "RNGoogleMobileAdsUnitTests" */ = {
			isa = XCConfigurationList;
			buildConfigurations = (
				A10000000000000000000070 /* Debug */,
				A10000000000000000000071 /* Release */,
			);
			defaultConfigurationIsVisible = 0;
			defaultConfigurationName = Release;
		};
/* End XCConfigurationList section */
	};
	rootObject = A10000000000000000000000 /* Project object */;
}
